{
    "_readme": [
        "This file locks the dependencies of your project to a known state",
        "Read more about it at http://getcomposer.org/doc/01-basic-usage.md#composer-lock-the-lock-file",
        "This file is @generated automatically"
    ],
    "hash": "e7ef4461d5c82bfc81defdd6647c1372",
    "packages": [
        {
            "name": "gwa/gw-cache",
            "version": "v1.1",
            "source": {
                "type": "git",
                "url": "https://github.com/gwa/gwCache.git",
                "reference": "715a0ecac2ee71e37affe137bf228ce37082078f"
            },
            "dist": {
                "type": "zip",
                "url": "https://api.github.com/repos/gwa/gwCache/zipball/715a0ecac2ee71e37affe137bf228ce37082078f",
                "reference": "715a0ecac2ee71e37affe137bf228ce37082078f",
                "shasum": ""
            },
            "require": {
                "gwa/gw-filesystem": "1.0.*"
            },
            "type": "library",
            "autoload": {
                "psr-4": {
                    "Gwa\\Cache\\": "src/Gwa/Cache/"
                }
            },
            "notification-url": "https://packagist.org/downloads/",
            "license": [
                "MIT"
            ],
            "authors": [
                {
                    "name": "Great White Ark",
                    "homepage": "http://www.greatwhiteark.com"
                }
            ],
            "description": "PHP simple cache classes",
            "homepage": "https://github.com/gwa/gwCache",
            "time": "2014-09-03 09:50:12"
        },
        {
            "name": "gwa/gw-exception",
            "version": "v1.0.1",
            "source": {
                "type": "git",
                "url": "https://github.com/gwa/gwExceptions.git",
                "reference": "2498362ad4f023da732d56a392e5abe765b5872a"
            },
            "dist": {
                "type": "zip",
                "url": "https://api.github.com/repos/gwa/gwExceptions/zipball/2498362ad4f023da732d56a392e5abe765b5872a",
                "reference": "2498362ad4f023da732d56a392e5abe765b5872a",
                "shasum": ""
            },
            "type": "library",
            "autoload": {
                "psr-4": {
                    "Gwa\\Exception\\": "src/Gwa/Exception/"
                }
            },
            "notification-url": "https://packagist.org/downloads/",
            "license": [
                "MIT"
            ],
            "authors": [
                {
                    "name": "Great White Ark",
                    "homepage": "http://www.greatwhiteark.com"
                }
            ],
            "description": "PHP exception classes",
            "homepage": "https://github.com/gwa/gwExceptions",
            "time": "2014-09-03 09:12:05"
        },
        {
            "name": "gwa/gw-filesystem",
            "version": "v1.0",
            "source": {
                "type": "git",
                "url": "https://github.com/gwa/gwFilesystem.git",
                "reference": "9b78097252f256247e02328f94b58e528a42b314"
            },
            "dist": {
                "type": "zip",
                "url": "https://api.github.com/repos/gwa/gwFilesystem/zipball/9b78097252f256247e02328f94b58e528a42b314",
                "reference": "9b78097252f256247e02328f94b58e528a42b314",
                "shasum": ""
            },
            "require": {
                "gwa/gw-exception": "1.0.*"
            },
            "type": "library",
            "autoload": {
                "psr-4": {
                    "Gwa\\Filesystem\\": "src/Gwa/Filesystem"
                }
            },
            "notification-url": "https://packagist.org/downloads/",
            "license": [
                "MIT"
            ],
            "authors": [
                {
                    "name": "Great White Ark",
                    "homepage": "http://www.greatwhiteark.com"
                }
            ],
            "description": "PHP filesystem classes",
            "homepage": "https://github.com/gwa/gwFilesystem",
            "time": "2014-09-03 09:25:29"
        }
    ],
    "packages-dev": [

    ],
    "aliases": [

    ],
    "minimum-stability": "stable",
    "stability-flags": [

    ],
    "prefer-stable": false,
    "platform": [

    ],
    "platform-dev": [

    ]
}
